
Microsoft Visual Studio Solution File, Format Version 12.00
# Visual Studio Version 17
VisualStudioVersion = 17.13.35825.156 d17.13
MinimumVisualStudioVersion = 10.0.40219.1
Project("{FAE04EC0-301F-11D3-BF4B-00C04F79EFBC}") = "RepresentaçãoPorEstado", "RepresentaçãoPorEstado\RepresentaçãoPorEstado.csproj", "{F43C9BC7-691E-4891-940F-704EFEF0B9E5}"
EndProject
Global
	GlobalSection(SolutionConfigurationPlatforms) = preSolution
		Debug|Any CPU = Debug|Any CPU
		Release|Any CPU = Release|Any CPU
	EndGlobalSection
	GlobalSection(ProjectConfigurationPlatforms) = postSolution
		{F43C9BC7-691E-4891-940F-704EFEF0B9E5}.Debug|Any CPU.ActiveCfg = Debug|Any CPU
		{F43C9BC7-691E-4891-940F-704EFEF0B9E5}.Debug|Any CPU.Build.0 = Debug|Any CPU
		{F43C9BC7-691E-4891-940F-704EFEF0B9E5}.Release|Any CPU.ActiveCfg = Release|Any CPU
		{F43C9BC7-691E-4891-940F-704EFEF0B9E5}.Release|Any CPU.Build.0 = Release|Any CPU
	EndGlobalSection
	GlobalSection(SolutionProperties) = preSolution
		HideSolutionNode = FALSE
	EndGlobalSection
	GlobalSection(ExtensibilityGlobals) = postSolution
		SolutionGuid = {026A8230-D3F1-49A9-894D-AF29A742DDD9}
	EndGlobalSection
EndGlobal
